// !$*UTF8*$!
{
	archiveVersion = 1;
	classes = {
	};
	objectVersion = 46;
	objects = {

/* Begin PBXBuildFile section */
		137E51AF1BA734720087F50D /* TimerModelObjC.m in Sources */ = {isa = PBXBuildFile; fileRef = 137E51AE1BA734720087F50D /* TimerModelObjC.m */; };
		139986F71BA20795006CD76F /* AppDelegate.swift in Sources */ = {isa = PBXBuildFile; fileRef = 139986F61BA20795006CD76F /* AppDelegate.swift */; };
		139986F91BA20795006CD76F /* ViewController.swift in Sources */ = {isa = PBXBuildFile; fileRef = 139986F81BA20795006CD76F /* ViewController.swift */; };
		139986FC1BA20795006CD76F /* Main.storyboard in Resources */ = {isa = PBXBuildFile; fileRef = 139986FA1BA20795006CD76F /* Main.storyboard */; };
		139986FE1BA20795006CD76F /* Images.xcassets in Resources */ = {isa = PBXBuildFile; fileRef = 139986FD1BA20795006CD76F /* Images.xcassets */; };
		139987011BA20795006CD76F /* LaunchScreen.xib in Resources */ = {isa = PBXBuildFile; fileRef = 139986FF1BA20795006CD76F /* LaunchScreen.xib */; };
		1399870D1BA20795006CD76F /* Holla1Tests.swift in Sources */ = {isa = PBXBuildFile; fileRef = 1399870C1BA20795006CD76F /* Holla1Tests.swift */; };
/* End PBXBuildFile section */

/* Begin PBXContainerItemProxy section */
		139987071BA20795006CD76F /* PBXContainerItemProxy */ = {
			isa = PBXContainerItemProxy;
			containerPortal = 139986E91BA20795006CD76F /* Project object */;
			proxyType = 1;
			remoteGlobalIDString = 139986F01BA20795006CD76F;
			remoteInfo = Holla1;
		};
/* End PBXContainerItemProxy section */

/* Begin PBXFileReference section */
		137E51AC1BA734710087F50D /* Holla1-Bridging-Header.h */ = {isa = PBXFileReference; lastKnownFileType = sourcecode.c.h; path = "Holla1-Bridging-Header.h"; sourceTree = "<group>"; };
		137E51AD1BA734720087F50D /* TimerModelObjC.h */ = {isa = PBXFileReference; fileEncoding = 4; lastKnownFileType = sourcecode.c.h; path = TimerModelObjC.h; sourceTree = "<group>"; };
		137E51AE1BA734720087F50D /* TimerModelObjC.m */ = {isa = PBXFileReference; fileEncoding = 4; lastKnownFileType = sourcecode.c.objc; path = TimerModelObjC.m; sourceTree = "<group>"; };
		139986F11BA20795006CD76F /* Holla1.app */ = {isa = PBXFileReference; explicitFileType = wrapper.application; includeInIndex = 0; path = Holla1.app; sourceTree = BUILT_PRODUCTS_DIR; };
		139986F51BA20795006CD76F /* Info.plist */ = {isa = PBXFileReference; lastKnownFileType = text.plist.xml; path = Info.plist; sourceTree = "<group>"; };
		139986F61BA20795006CD76F /* AppDelegate.swift */ = {isa = PBXFileReference; lastKnownFileType = sourcecode.swift; path = AppDelegate.swift; sourceTree = "<group>"; };
		139986F81BA20795006CD76F /* ViewController.swift */ = {isa = PBXFileReference; lastKnownFileType = sourcecode.swift; path = ViewController.swift; sourceTree = "<group>"; };
		139986FB1BA20795006CD76F /* Base */ = {isa = PBXFileReference; lastKnownFileType = file.storyboard; name = Base; path = Base.lproj/Main.storyboard; sourceTree = "<group>"; };
		139986FD1BA20795006CD76F /* Images.xcassets */ = {isa = PBXFileReference; lastKnownFileType = folder.assetcatalog; path = Images.xcassets; sourceTree = "<group>"; };
		139987001BA20795006CD76F /* Base */ = {isa = PBXFileReference; lastKnownFileType = file.xib; name = Base; path = Base.lproj/LaunchScreen.xib; sourceTree = "<group>"; };
		139987061BA20795006CD76F /* Holla1Tests.xctest */ = {isa = PBXFileReference; explicitFileType = wrapper.cfbundle; includeInIndex = 0; path = Holla1Tests.xctest; sourceTree = BUILT_PRODUCTS_DIR; };
		1399870B1BA20795006CD76F /* Info.plist */ = {isa = PBXFileReference; lastKnownFileType = text.plist.xml; path = Info.plist; sourceTree = "<group>"; };
		1399870C1BA20795006CD76F /* Holla1Tests.swift */ = {isa = PBXFileReference; lastKnownFileType = sourcecode.swift; path = Holla1Tests.swift; sourceTree = "<group>"; };
/* End PBXFileReference section */

/* Begin PBXFrameworksBuildPhase section */
		139986EE1BA20795006CD76F /* Frameworks */ = {
			isa = PBXFrameworksBuildPhase;
			buildActionMask = 2147483647;
			files = (
			);
			runOnlyForDeploymentPostprocessing = 0;
		};
		139987031BA20795006CD76F /* Frameworks */ = {
			isa = PBXFrameworksBuildPhase;
			buildActionMask = 2147483647;
			files = (
			);
			runOnlyForDeploymentPostprocessing = 0;
		};
/* End PBXFrameworksBuildPhase section */

/* Begin PBXGroup section */
		139986E81BA20795006CD76F = {
			isa = PBXGroup;
			children = (
				139986F31BA20795006CD76F /* Holla1 */,
				139987091BA20795006CD76F /* Holla1Tests */,
				139986F21BA20795006CD76F /* Products */,
			);
			sourceTree = "<group>";
		};
		139986F21BA20795006CD76F /* Products */ = {
			isa = PBXGroup;
			children = (
				139986F11BA20795006CD76F /* Holla1.app */,
				139987061BA20795006CD76F /* Holla1Tests.xctest */,
			);
			name = Products;
			sourceTree = "<group>";
		};
		139986F31BA20795006CD76F /* Holla1 */ = {
			isa = PBXGroup;
			children = (
				139986F61BA20795006CD76F /* AppDelegate.swift */,
				139986F81BA20795006CD76F /* ViewController.swift */,
				139986FA1BA20795006CD76F /* Main.storyboard */,
				139986FD1BA20795006CD76F /* Images.xcassets */,
				139986FF1BA20795006CD76F /* LaunchScreen.xib */,
				139986F41BA20795006CD76F /* Supporting Files */,
				137E51AD1BA734720087F50D /* TimerModelObjC.h */,
				137E51AE1BA734720087F50D /* TimerModelObjC.m */,
				137E51AC1BA734710087F50D /* Holla1-Bridging-Header.h */,
			);
			path = Holla1;
			sourceTree = "<group>";
		};
		139986F41BA20795006CD76F /* Supporting Files */ = {
			isa = PBXGroup;
			children = (
				139986F51BA20795006CD76F /* Info.plist */,
			);
			name = "Supporting Files";
			sourceTree = "<group>";
		};
		139987091BA20795006CD76F /* Holla1Tests */ = {
			isa = PBXGroup;
			children = (
				1399870C1BA20795006CD76F /* Holla1Tests.swift */,
				1399870A1BA20795006CD76F /* Supporting Files */,
			);
			path = Holla1Tests;
			sourceTree = "<group>";
		};
		1399870A1BA20795006CD76F /* Supporting Files */ = {
			isa = PBXGroup;
			children = (
				1399870B1BA20795006CD76F /* Info.plist */,
			);
			name = "Supporting Files";
			sourceTree = "<group>";
		};
/* End PBXGroup section */

/* Begin PBXNativeTarget section */
		139986F01BA20795006CD76F /* Holla1 */ = {
			isa = PBXNativeTarget;
			buildConfigurationList = 139987101BA20795006CD76F /* Build configuration list for PBXNativeTarget "Holla1" */;
			buildPhases = (
				139986ED1BA20795006CD76F /* Sources */,
				139986EE1BA20795006CD76F /* Frameworks */,
				139986EF1BA20795006CD76F /* Resources */,
			);
			buildRules = (
			);
			dependencies = (
			);
			name = Holla1;
			productName = Holla1;
			productReference = 139986F11BA20795006CD76F /* Holla1.app */;
			productType = "com.apple.product-type.application";
		};
		139987051BA20795006CD76F /* Holla1Tests */ = {
			isa = PBXNativeTarget;
			buildConfigurationList = 139987131BA20795006CD76F /* Build configuration list for PBXNativeTarget "Holla1Tests" */;
			buildPhases = (
				139987021BA20795006CD76F /* Sources */,
				139987031BA20795006CD76F /* Frameworks */,
				139987041BA20795006CD76F /* Resources */,
			);
			buildRules = (
			);
			dependencies = (
				139987081BA20795006CD76F /* PBXTargetDependency */,
			);
			name = Holla1Tests;
			productName = Holla1Tests;
			productReference = 139987061BA20795006CD76F /* Holla1Tests.xctest */;
			productType = "com.apple.product-type.bundle.unit-test";
		};
/* End PBXNativeTarget section */

/* Begin PBXProject section */
		139986E91BA20795006CD76F /* Project object */ = {
			isa = PBXProject;
			attributes = {
				LastSwiftUpdateCheck = 0700;
				LastUpgradeCheck = 0700;
				ORGANIZATIONNAME = "Kruthika Holla";
				TargetAttributes = {
					139986F01BA20795006CD76F = {
						CreatedOnToolsVersion = 6.4;
					};
					139987051BA20795006CD76F = {
						CreatedOnToolsVersion = 6.4;
						TestTargetID = 139986F01BA20795006CD76F;
					};
				};
			};
			buildConfigurationList = 139986EC1BA20795006CD76F /* Build configuration list for PBXProject "Holla1" */;
			compatibilityVersion = "Xcode 3.2";
			developmentRegion = English;
			hasScannedForEncodings = 0;
			knownRegions = (
				en,
				Base,
			);
			mainGroup = 139986E81BA20795006CD76F;
			productRefGroup = 139986F21BA20795006CD76F /* Products */;
			projectDirPath = "";
			projectRoot = "";
			targets = (
				139986F01BA20795006CD76F /* Holla1 */,
				139987051BA20795006CD76F /* Holla1Tests */,
			);
		};
/* End PBXProject section */

/* Begin PBXResourcesBuildPhase section */
		139986EF1BA20795006CD76F /* Resources */ = {
			isa = PBXResourcesBuildPhase;
			buildActionMask = 2147483647;
			files = (
				139986FC1BA20795006CD76F /* Main.storyboard in Resources */,
				139987011BA20795006CD76F /* LaunchScreen.xib in Resources */,
				139986FE1BA20795006CD76F /* Images.xcassets in Resources */,
			);
			runOnlyForDeploymentPostprocessing = 0;
		};
		139987041BA20795006CD76F /* Resources */ = {
			isa = PBXResourcesBuildPhase;
			buildActionMask = 2147483647;
			files = (
			);
			runOnlyForDeploymentPostprocessing = 0;
		};
/* End PBXResourcesBuildPhase section */

/* Begin PBXSourcesBuildPhase section */
		139986ED1BA20795006CD76F /* Sources */ = {
			isa = PBXSourcesBuildPhase;
			buildActionMask = 2147483647;
			files = (
				139986F91BA20795006CD76F /* ViewController.swift in Sources */,
				137E51AF1BA734720087F50D /* TimerModelObjC.m in Sources */,
				139986F71BA20795006CD76F /* AppDelegate.swift in Sources */,
			);
			runOnlyForDeploymentPostprocessing = 0;
		};
		139987021BA20795006CD76F /* Sources */ = {
			isa = PBXSourcesBuildPhase;
			buildActionMask = 2147483647;
			files = (
				1399870D1BA20795006CD76F /* Holla1Tests.swift in Sources */,
			);
			runOnlyForDeploymentPostprocessing = 0;
		};
/* End PBXSourcesBuildPhase section */

/* Begin PBXTargetDependency section */
		139987081BA20795006CD76F /* PBXTargetDependency */ = {
			isa = PBXTargetDependency;
			target = 139986F01BA20795006CD76F /* Holla1 */;
			targetProxy = 139987071BA20795006CD76F /* PBXContainerItemProxy */;
		};
/* End PBXTargetDependency section */

/* Begin PBXVariantGroup section */
		139986FA1BA20795006CD76F /* Main.storyboard */ = {
			isa = PBXVariantGroup;
			children = (
				139986FB1BA20795006CD76F /* Base */,
			);
			name = Main.storyboard;
			sourceTree = "<group>";
		};
		139986FF1BA20795006CD76F /* LaunchScreen.xib */ = {
			isa = PBXVariantGroup;
			children = (
				139987001BA20795006CD76F /* Base */,
			);
			name = LaunchScreen.xib;
			sourceTree = "<group>";
		};
/* End PBXVariantGroup section */

/* Begin XCBuildConfiguration section */
		1399870E1BA20795006CD76F /* Debug */ = {
			isa = XCBuildConfiguration;
			buildSettings = {
				ALWAYS_SEARCH_USER_PATHS = NO;
				CLANG_CXX_LANGUAGE_STANDARD = "gnu++0x";
				CLANG_CXX_LIBRARY = "libc++";
				CLANG_ENABLE_MODULES = YES;
				CLANG_ENABLE_OBJC_ARC = YES;
				CLANG_WARN_BOOL_CONVERSION = YES;
				CLANG_WARN_CONSTANT_CONVERSION = YES;
				CLANG_WARN_DIRECT_OBJC_ISA_USAGE = YES_ERROR;
				CLANG_WARN_EMPTY_BODY = YES;
				CLANG_WARN_ENUM_CONVERSION = YES;
				CLANG_WARN_INT_CONVERSION = YES;
				CLANG_WARN_OBJC_ROOT_CLASS = YES_ERROR;
				CLANG_WARN_UNREACHABLE_CODE = YES;
				CLANG_WARN__DUPLICATE_METHOD_MATCH = YES;
				"CODE_SIGN_IDENTITY[sdk=iphoneos*]" = "iPhone Developer";
				COPY_PHASE_STRIP = NO;
				DEBUG_INFORMATION_FORMAT = "dwarf-with-dsym";
				ENABLE_STRICT_OBJC_MSGSEND = YES;
				ENABLE_TESTABILITY = YES;
				GCC_C_LANGUAGE_STANDARD = gnu99;
				GCC_DYNAMIC_NO_PIC = NO;
				GCC_NO_COMMON_BLOCKS = YES;
				GCC_OPTIMIZATION_LEVEL = 0;
				GCC_PREPROCESSOR_DEFINITIONS = (
					"DEBUG=1",
					"$(inherited)",
				);
				GCC_SYMBOLS_PRIVATE_EXTERN = NO;
				GCC_WARN_64_TO_32_BIT_CONVERSION = YES;
				GCC_WARN_ABOUT_RETURN_TYPE = YES_ERROR;
				GCC_WARN_UNDECLARED_SELECTOR = YES;
				GCC_WARN_UNINITIALIZED_AUTOS = YES_AGGRESSIVE;
				GCC_WARN_UNUSED_FUNCTION = YES;
				GCC_WARN_UNUSED_VARIABLE = YES;
				IPHONEOS_DEPLOYMENT_TARGET = 8.4;
				MTL_ENABLE_DEBUG_INFO = YES;
				ONLY_ACTIVE_ARCH = YES;
				SDKROOT = iphoneos;
				SWIFT_OPTIMIZATION_LEVEL = "-Onone";
				TARGETED_DEVICE_FAMILY = "1,2";
			};
			name = Debug;
		};
		1399870F1BA20795006CD76F /* Release */ = {
			isa = XCBuildConfiguration;
			buildSettings = {
				ALWAYS_SEARCH_USER_PATHS = NO;
				CLANG_CXX_LANGUAGE_STANDARD = "gnu++0x";
				CLANG_CXX_LIBRARY = "libc++";
				CLANG_ENABLE_MODULES = YES;
				CLANG_ENABLE_OBJC_ARC = YES;
				CLANG_WARN_BOOL_CONVERSION = YES;
				CLANG_WARN_CONSTANT_CONVERSION = YES;
				CLANG_WARN_DIRECT_OBJC_ISA_USAGE = YES_ERROR;
				CLANG_WARN_EMPTY_BODY = YES;
				CLANG_WARN_ENUM_CONVERSION = YES;
				CLANG_WARN_INT_CONVERSION = YES;
				CLANG_WARN_OBJC_ROOT_CLASS = YES_ERROR;
				CLANG_WARN_UNREACHABLE_CODE = YES;
				CLANG_WARN__DUPLICATE_METHOD_MATCH = YES;
				"CODE_SIGN_IDENTITY[sdk=iphoneos*]" = "iPhone Developer";
				COPY_PHASE_STRIP = NO;
				DEBUG_INFORMATION_FORMAT = "dwarf-with-dsym";
				ENABLE_NS_ASSERTIONS = NO;
				ENABLE_STRICT_OBJC_MSGSEND = YES;
				GCC_C_LANGUAGE_STANDARD = gnu99;
				GCC_NO_COMMON_BLOCKS = YES;
				GCC_WARN_64_TO_32_BIT_CONVERSION = YES;
				GCC_WARN_ABOUT_RETURN_TYPE = YES_ERROR;
				GCC_WARN_UNDECLARED_SELECTOR = YES;
				GCC_WARN_UNINITIALIZED_AUTOS = YES_AGGRESSIVE;
				GCC_WARN_UNUSED_FUNCTION = YES;
				GCC_WARN_UNUSED_VARIABLE = YES;
				IPHONEOS_DEPLOYMENT_TARGET = 8.4;
				MTL_ENABLE_DEBUG_INFO = NO;
				SDKROOT = iphoneos;
				TARGETED_DEVICE_FAMILY = "1,2";
				VALIDATE_PRODUCT = YES;
			};
			name = Release;
		};
		139987111BA20795006CD76F /* Debug */ = {
			isa = XCBuildConfiguration;
			buildSettings = {
				ASSETCATALOG_COMPILER_APPICON_NAME = AppIcon;
				CLANG_ENABLE_MODULES = YES;
				DEFINES_MODULE = YES;
				INFOPLIST_FILE = Holla1/Info.plist;
				LD_RUNPATH_SEARCH_PATHS = "$(inherited) @executable_path/Frameworks";
				PRODUCT_BUNDLE_IDENTIFIER = "edu.umsl.$(PRODUCT_NAME:rfc1034identifier)";
				PRODUCT_NAME = "$(TARGET_NAME)";
				SWIFT_OBJC_BRIDGING_HEADER = "Holla1/Holla1-Bridging-Header.h";
				SWIFT_OPTIMIZATION_LEVEL = "-Onone";
			};
			name = Debug;
		};
		139987121BA20795006CD76F /* Release */ = {
			isa = XCBuildConfiguration;
			buildSettings = {
				ASSETCATALOG_COMPILER_APPICON_NAME = AppIcon;
				CLANG_ENABLE_MODULES = YES;
				DEFINES_MODULE = YES;
				INFOPLIST_FILE = Holla1/Info.plist;
				LD_RUNPATH_SEARCH_PATHS = "$(inherited) @executable_path/Frameworks";
				PRODUCT_BUNDLE_IDENTIFIER = "edu.umsl.$(PRODUCT_NAME:rfc1034identifier)";
				PRODUCT_NAME = "$(TARGET_NAME)";
				SWIFT_OBJC_BRIDGING_HEADER = "Holla1/Holla1-Bridging-Header.h";
			};
			name = Release;
		};
		139987141BA20795006CD76F /* Debug */ = {
			isa = XCBuildConfiguration;
			buildSettings = {
				BUNDLE_LOADER = "$(TEST_HOST)";
				FRAMEWORK_SEARCH_PATHS = (
					"$(SDKROOT)/Developer/Library/Frameworks",
					"$(inherited)",
				);
				GCC_PREPROCESSOR_DEFINITIONS = (
					"DEBUG=1",
					"$(inherited)",
				);
				INFOPLIST_FILE = Holla1Tests/Info.plist;
				LD_RUNPATH_SEARCH_PATHS = "$(inherited) @executable_path/Frameworks @loader_path/Frameworks";
				PRODUCT_BUNDLE_IDENTIFIER = "edu.umsl.$(PRODUCT_NAME:rfc1034identifier)";
				PRODUCT_NAME = "$(TARGET_NAME)";
				TEST_HOST = "$(BUILT_PRODUCTS_DIR)/Holla1.app/Holla1";
			};
			name = Debug;
		};
		139987151BA20795006CD76F /* Release */ = {
			isa = XCBuildConfiguration;
			buildSettings = {
				BUNDLE_LOADER = "$(TEST_HOST)";
				FRAMEWORK_SEARCH_PATHS = (
					"$(SDKROOT)/Developer/Library/Frameworks",
					"$(inherited)",
				);
				INFOPLIST_FILE = Holla1Tests/Info.plist;
				LD_RUNPATH_SEARCH_PATHS = "$(inherited) @executable_path/Frameworks @loader_path/Frameworks";
				PRODUCT_BUNDLE_IDENTIFIER = "edu.umsl.$(PRODUCT_NAME:rfc1034identifier)";
				PRODUCT_NAME = "$(TARGET_NAME)";
				TEST_HOST = "$(BUILT_PRODUCTS_DIR)/Holla1.app/Holla1";
			};
			name = Release;
		};
/* End XCBuildConfiguration section */

/* Begin XCConfigurationList section */
		139986EC1BA20795006CD76F /* Build configuration list for PBXProject "Holla1" */ = {
			isa = XCConfigurationList;
			buildConfigurations = (
				1399870E1BA20795006CD76F /* Debug */,
				1399870F1BA20795006CD76F /* Release */,
			);
			defaultConfigurationIsVisible = 0;
			defaultConfigurationName = Release;
		};
		139987101BA20795006CD76F /* Build configuration list for PBXNativeTarget "Holla1" */ = {
			isa = XCConfigurationList;
			buildConfigurations = (
				139987111BA20795006CD76F /* Debug */,
				139987121BA20795006CD76F /* Release */,
			);
			defaultConfigurationIsVisible = 0;
			defaultConfigurationName = Release;
		};
		139987131BA20795006CD76F /* Build configuration list for PBXNativeTarget "Holla1Tests" */ = {
			isa = XCConfigurationList;
			buildConfigurations = (
				139987141BA20795006CD76F /* Debug */,
				139987151BA20795006CD76F /* Release */,
			);
			defaultConfigurationIsVisible = 0;
			defaultConfigurationName = Release;
		};
/* End XCConfigurationList section */
	};
	rootObject = 139986E91BA20795006CD76F /* Project object */;
}
